
Microsoft Visual Studio Solution File, Format Version 12.00
# Visual Studio 15
VisualStudioVersion = 15.0.27004.2006
MinimumVisualStudioVersion = 10.0.40219.1
Project("{8BC9CEB8-8B4A-11D0-8D11-00A0C91BC942}") = "Inject", "Inject\Inject.vcxproj", "{900512B8-4063-4CD6-8BB1-2BA522EDB2EB}"
EndProject
Project("{8BC9CEB8-8B4A-11D0-8D11-00A0C91BC942}") = "Dll1", "Dll1\Dll1.vcxproj", "{D7EA4735-C2D1-4B3C-972A-C9773D6E6046}"
EndProject
Global
	GlobalSection(SolutionConfigurationPlatforms) = preSolution
		Debug|x64 = Debug|x64
		Debug|x86 = Debug|x86
		Release|x64 = Release|x64
		Release|x86 = Release|x86
	EndGlobalSection
	GlobalSection(ProjectConfigurationPlatforms) = postSolution
		{900512B8-4063-4CD6-8BB1-2BA522EDB2EB}.Debug|x64.ActiveCfg = Debug|x64
		{900512B8-4063-4CD6-8BB1-2BA522EDB2EB}.Debug|x64.Build.0 = Debug|x64
		{900512B8-4063-4CD6-8BB1-2BA522EDB2EB}.Debug|x86.ActiveCfg = Debug|Win32
		{900512B8-4063-4CD6-8BB1-2BA522EDB2EB}.Debug|x86.Build.0 = Debug|Win32
		{900512B8-4063-4CD6-8BB1-2BA522EDB2EB}.Release|x64.ActiveCfg = Release|x64
		{900512B8-4063-4CD6-8BB1-2BA522EDB2EB}.Release|x64.Build.0 = Release|x64
		{900512B8-4063-4CD6-8BB1-2BA522EDB2EB}.Release|x86.ActiveCfg = Release|Win32
		{900512B8-4063-4CD6-8BB1-2BA522EDB2EB}.Release|x86.Build.0 = Release|Win32
		{D7EA4735-C2D1-4B3C-972A-C9773D6E6046}.Debug|x64.ActiveCfg = Debug|x64
		{D7EA4735-C2D1-4B3C-972A-C9773D6E6046}.Debug|x64.Build.0 = Debug|x64
		{D7EA4735-C2D1-4B3C-972A-C9773D6E6046}.Debug|x86.ActiveCfg = Debug|Win32
		{D7EA4735-C2D1-4B3C-972A-C9773D6E6046}.Debug|x86.Build.0 = Debug|Win32
		{D7EA4735-C2D1-4B3C-972A-C9773D6E6046}.Release|x64.ActiveCfg = Release|x64
		{D7EA4735-C2D1-4B3C-972A-C9773D6E6046}.Release|x64.Build.0 = Release|x64
		{D7EA4735-C2D1-4B3C-972A-C9773D6E6046}.Release|x86.ActiveCfg = Release|Win32
		{D7EA4735-C2D1-4B3C-972A-C9773D6E6046}.Release|x86.Build.0 = Release|Win32
	EndGlobalSection
	GlobalSection(SolutionProperties) = preSolution
		HideSolutionNode = FALSE
	EndGlobalSection
	GlobalSection(ExtensibilityGlobals) = postSolution
		SolutionGuid = {7EF8D236-31CD-4BDB-A233-FE2D7D8D8437}
	EndGlobalSection
EndGlobal
